
Microsoft Visual Studio Solution File, Format Version 12.00
# Visual Studio 15
VisualStudioVersion = 15.0.27703.2035
MinimumVisualStudioVersion = 10.0.40219.1
Project("{FAE04EC0-301F-11D3-BF4B-00C04F79EFBC}") = "SimilarImagesSerachTool", "SimilarImagesSerachTool\SimilarImagesSerachTool.csproj", "{C835D80E-ADC1-47E0-BD95-90B6C4D2C25B}"
EndProject
Global
	GlobalSection(SolutionConfigurationPlatforms) = preSolution
		Debug|Any CPU = Debug|Any CPU
		Release|Any CPU = Release|Any CPU
	EndGlobalSection
	GlobalSection(ProjectConfigurationPlatforms) = postSolution
		{C835D80E-ADC1-47E0-BD95-90B6C4D2C25B}.Debug|Any CPU.ActiveCfg = Debug|Any CPU
		{C835D80E-ADC1-47E0-BD95-90B6C4D2C25B}.Debug|Any CPU.Build.0 = Debug|Any CPU
		{C835D80E-ADC1-47E0-BD95-90B6C4D2C25B}.Release|Any CPU.ActiveCfg = Release|Any CPU
		{C835D80E-ADC1-47E0-BD95-90B6C4D2C25B}.Release|Any CPU.Build.0 = Release|Any CPU
	EndGlobalSection
	GlobalSection(SolutionProperties) = preSolution
		HideSolutionNode = FALSE
	EndGlobalSection
	GlobalSection(ExtensibilityGlobals) = postSolution
		SolutionGuid = {D3D143CA-356F-4A1F-92B4-2C80A7A04BA9}
	EndGlobalSection
EndGlobal
